# This file is automatically @generated by Cargo.
# It is not intended for manual editing.
version = 4

[[package]]
name = "benchmarks"
version = "0.1.0"
dependencies = [
 "fastrand",
 "tm",
]

[[package]]
name = "fastrand"
version = "2.4.1"
source = "registry+https://github.com/rust-lang/crates.io-index"
checksum = "9f1f227452a390804cdb637b74a86990f2a7d7ba4b7d5693aac9b4dd6defd8d6"

[[package]]
name = "runtime-core"
version = "0.1.0"

[[package]]
name = "runtime-dudetm"
version = "0.1.0"
dependencies = [
 "runtime-core",
]

[[package]]
name = "runtime-norec"
version = "0.1.0"
dependencies = [
 "runtime-core",
]

[[package]]
name = "runtime-nvhtm"
version = "0.1.0"
dependencies = [
 "runtime-core",
]

[[package]]
name = "runtime-spht"
version = "0.1.0"
dependencies = [
 "runtime-core",
]

[[package]]
name = "runtime-swisstm"
version = "0.1.0"
dependencies = [
 "runtime-core",
]

[[package]]
name = "runtime-tinystm"
version = "0.1.0"
dependencies = [
 "runtime-core",
]

[[package]]
name = "runtime-tl2"
version = "0.1.0"
dependencies = [
 "runtime-core",
]

[[package]]
name = "runtime-tsxsgl"
version = "0.1.0"
dependencies = [
 "runtime-core",
]

[[package]]
name = "tm"
version = "0.1.0"
dependencies = [
 "runtime-core",
 "runtime-dudetm",
 "runtime-norec",
 "runtime-nvhtm",
 "runtime-spht",
 "runtime-swisstm",
 "runtime-tinystm",
 "runtime-tl2",
 "runtime-tsxsgl",
]
