# This file is automatically @generated by Cargo.
# It is not intended for manual editing.
version = 4

[[package]]
name = "addrspace"
version = "0.1.0"
dependencies = [
 "libc",
]

[[package]]
name = "benchmarks"
version = "0.1.0"
dependencies = [
 "containers",
 "fastrand",
 "libc",
 "tm",
]

[[package]]
name = "containers"
version = "0.1.0"
dependencies = [
 "tm",
]

[[package]]
name = "fastrand"
version = "2.4.1"
source = "registry+https://github.com/rust-lang/crates.io-index"
checksum = "9f1f227452a390804cdb637b74a86990f2a7d7ba4b7d5693aac9b4dd6defd8d6"

[[package]]
name = "libc"
version = "0.2.186"
source = "registry+https://github.com/rust-lang/crates.io-index"
checksum = "68ab91017fe16c622486840e4c83c9a37afeff978bd239b5293d61ece587de66"

[[package]]
name = "runtime-core"
version = "0.1.0"
dependencies = [
 "addrspace",
]

[[package]]
name = "runtime-dudetm"
version = "0.1.0"
dependencies = [
 "runtime-core",
]

[[package]]
name = "runtime-leftright"
version = "0.1.0"
dependencies = [
 "runtime-core",
]

[[package]]
name = "runtime-leftright-single"
version = "0.1.0"
dependencies = [
 "runtime-core",
]

[[package]]
name = "runtime-norec"
version = "0.1.0"
dependencies = [
 "runtime-core",
]

[[package]]
name = "runtime-nvhtm"
version = "0.1.0"
dependencies = [
 "runtime-core",
]

[[package]]
name = "runtime-romulus"
version = "0.1.0"
dependencies = [
 "runtime-core",
]

[[package]]
name = "runtime-sgl-distributed"
version = "0.1.0"
dependencies = [
 "addrspace",
 "libc",
 "runtime-core",
]

[[package]]
name = "runtime-sgl-persistent"
version = "0.1.0"
dependencies = [
 "addrspace",
 "libc",
 "runtime-core",
]

[[package]]
name = "runtime-spht"
version = "0.1.0"
dependencies = [
 "runtime-core",
]

[[package]]
name = "runtime-swisstm"
version = "0.1.0"
dependencies = [
 "runtime-core",
]

[[package]]
name = "runtime-tinystm"
version = "0.1.0"
dependencies = [
 "addrspace",
 "runtime-core",
]

[[package]]
name = "runtime-tl2"
version = "0.1.0"
dependencies = [
 "runtime-core",
]

[[package]]
name = "runtime-tsxsgl"
version = "0.1.0"
dependencies = [
 "runtime-core",
]

[[package]]
name = "runtime-xtm"
version = "0.1.0"
dependencies = [
 "runtime-core",
]

[[package]]
name = "tm"
version = "0.1.0"
dependencies = [
 "addrspace",
 "runtime-core",
 "runtime-dudetm",
 "runtime-leftright",
 "runtime-leftright-single",
 "runtime-norec",
 "runtime-nvhtm",
 "runtime-romulus",
 "runtime-sgl-distributed",
 "runtime-sgl-persistent",
 "runtime-spht",
 "runtime-swisstm",
 "runtime-tinystm",
 "runtime-tl2",
 "runtime-tsxsgl",
 "runtime-xtm",
]
